
Microsoft Visual Studio Solution File, Format Version 12.00
# Visual Studio 15
VisualStudioVersion = 15.0.27130.2027
MinimumVisualStudioVersion = 10.0.40219.1
Project("{9A19103F-16F7-4668-BE54-9A1E7A4F7556}") = "TaskManager", "TaskManager\TaskManager\TaskManager.csproj", "{B316D36E-7D6C-47CE-A343-0D8FF20BEDCF}"
EndProject
Project("{FAE04EC0-301F-11D3-BF4B-00C04F79EFBC}") = "TaskManager.Android", "TaskManager\TaskManager.Android\TaskManager.Android.csproj", "{63AAB5D7-233B-4FDC-AA58-A3A0A32B1EB8}"
EndProject
Project("{FAE04EC0-301F-11D3-BF4B-00C04F79EFBC}") = "TaskManager.iOS", "TaskManager\TaskManager.iOS\TaskManager.iOS.csproj", "{21F7A487-C754-41C0-9FD2-A809548342A0}"
EndProject
Project("{FAE04EC0-301F-11D3-BF4B-00C04F79EFBC}") = "TaskManager.UnitTest", "TaskManager.UnitTestApplication\TaskManager.UnitTest.csproj", "{6478CAF0-826F-4C2F-A7E6-83AD7C5457BB}"
EndProject
Global
	GlobalSection(SolutionConfigurationPlatforms) = preSolution
		Ad-Hoc|Any CPU = Ad-Hoc|Any CPU
		Ad-Hoc|iPhone = Ad-Hoc|iPhone
		Ad-Hoc|iPhoneSimulator = Ad-Hoc|iPhoneSimulator
		AppStore|Any CPU = AppStore|Any CPU
		AppStore|iPhone = AppStore|iPhone
		AppStore|iPhoneSimulator = AppStore|iPhoneSimulator
		Debug|Any CPU = Debug|Any CPU
		Debug|iPhone = Debug|iPhone
		Debug|iPhoneSimulator = Debug|iPhoneSimulator
		Release|Any CPU = Release|Any CPU
		Release|iPhone = Release|iPhone
		Release|iPhoneSimulator = Release|iPhoneSimulator
	EndGlobalSection
	GlobalSection(ProjectConfigurationPlatforms) = postSolution
		{B316D36E-7D6C-47CE-A343-0D8FF20BEDCF}.Ad-Hoc|Any CPU.ActiveCfg = Debug|Any CPU
		{B316D36E-7D6C-47CE-A343-0D8FF20BEDCF}.Ad-Hoc|Any CPU.Build.0 = Debug|Any CPU
		{B316D36E-7D6C-47CE-A343-0D8FF20BEDCF}.Ad-Hoc|iPhone.ActiveCfg = Debug|Any CPU
		{B316D36E-7D6C-47CE-A343-0D8FF20BEDCF}.Ad-Hoc|iPhone.Build.0 = Debug|Any CPU
		{B316D36E-7D6C-47CE-A343-0D8FF20BEDCF}.Ad-Hoc|iPhoneSimulator.ActiveCfg = Debug|Any CPU
		{B316D36E-7D6C-47CE-A343-0D8FF20BEDCF}.Ad-Hoc|iPhoneSimulator.Build.0 = Debug|Any CPU
		{B316D36E-7D6C-47CE-A343-0D8FF20BEDCF}.AppStore|Any CPU.ActiveCfg = Debug|Any CPU
		{B316D36E-7D6C-47CE-A343-0D8FF20BEDCF}.AppStore|Any CPU.Build.0 = Debug|Any CPU
		{B316D36E-7D6C-47CE-A343-0D8FF20BEDCF}.AppStore|iPhone.ActiveCfg = Debug|Any CPU
		{B316D36E-7D6C-47CE-A343-0D8FF20BEDCF}.AppStore|iPhone.Build.0 = Debug|Any CPU
		{B316D36E-7D6C-47CE-A343-0D8FF20BEDCF}.AppStore|iPhoneSimulator.ActiveCfg = Debug|Any CPU
		{B316D36E-7D6C-47CE-A343-0D8FF20BEDCF}.AppStore|iPhoneSimulator.Build.0 = Debug|Any CPU
		{B316D36E-7D6C-47CE-A343-0D8FF20BEDCF}.Debug|Any CPU.ActiveCfg = Debug|Any CPU
		{B316D36E-7D6C-47CE-A343-0D8FF20BEDCF}.Debug|Any CPU.Build.0 = Debug|Any CPU
		{B316D36E-7D6C-47CE-A343-0D8FF20BEDCF}.Debug|iPhone.ActiveCfg = Debug|Any CPU
		{B316D36E-7D6C-47CE-A343-0D8FF20BEDCF}.Debug|iPhone.Build.0 = Debug|Any CPU
		{B316D36E-7D6C-47CE-A343-0D8FF20BEDCF}.Debug|iPhoneSimulator.ActiveCfg = Debug|Any CPU
		{B316D36E-7D6C-47CE-A343-0D8FF20BEDCF}.Debug|iPhoneSimulator.Build.0 = Debug|Any CPU
		{B316D36E-7D6C-47CE-A343-0D8FF20BEDCF}.Release|Any CPU.ActiveCfg = Release|Any CPU
		{B316D36E-7D6C-47CE-A343-0D8FF20BEDCF}.Release|Any CPU.Build.0 = Release|Any CPU
		{B316D36E-7D6C-47CE-A343-0D8FF20BEDCF}.Release|iPhone.ActiveCfg = Release|Any CPU
		{B316D36E-7D6C-47CE-A343-0D8FF20BEDCF}.Release|iPhone.Build.0 = Release|Any CPU
		{B316D36E-7D6C-47CE-A343-0D8FF20BEDCF}.Release|iPhoneSimulator.ActiveCfg = Release|Any CPU
		{B316D36E-7D6C-47CE-A343-0D8FF20BEDCF}.Release|iPhoneSimulator.Build.0 = Release|Any CPU
		{63AAB5D7-233B-4FDC-AA58-A3A0A32B1EB8}.Ad-Hoc|Any CPU.ActiveCfg = Release|Any CPU
		{63AAB5D7-233B-4FDC-AA58-A3A0A32B1EB8}.Ad-Hoc|Any CPU.Build.0 = Release|Any CPU
		{63AAB5D7-233B-4FDC-AA58-A3A0A32B1EB8}.Ad-Hoc|Any CPU.Deploy.0 = Release|Any CPU
		{63AAB5D7-233B-4FDC-AA58-A3A0A32B1EB8}.Ad-Hoc|iPhone.ActiveCfg = Release|Any CPU
		{63AAB5D7-233B-4FDC-AA58-A3A0A32B1EB8}.Ad-Hoc|iPhone.Build.0 = Release|Any CPU
		{63AAB5D7-233B-4FDC-AA58-A3A0A32B1EB8}.Ad-Hoc|iPhone.Deploy.0 = Release|Any CPU
		{63AAB5D7-233B-4FDC-AA58-A3A0A32B1EB8}.Ad-Hoc|iPhoneSimulator.ActiveCfg = Release|Any CPU
		{63AAB5D7-233B-4FDC-AA58-A3A0A32B1EB8}.Ad-Hoc|iPhoneSimulator.Build.0 = Release|Any CPU
		{63AAB5D7-233B-4FDC-AA58-A3A0A32B1EB8}.Ad-Hoc|iPhoneSimulator.Deploy.0 = Release|Any CPU
		{63AAB5D7-233B-4FDC-AA58-A3A0A32B1EB8}.AppStore|Any CPU.ActiveCfg = Release|Any CPU
		{63AAB5D7-233B-4FDC-AA58-A3A0A32B1EB8}.AppStore|Any CPU.Build.0 = Release|Any CPU
		{63AAB5D7-233B-4FDC-AA58-A3A0A32B1EB8}.AppStore|Any CPU.Deploy.0 = Release|Any CPU
		{63AAB5D7-233B-4FDC-AA58-A3A0A32B1EB8}.AppStore|iPhone.ActiveCfg = Release|Any CPU
		{63AAB5D7-233B-4FDC-AA58-A3A0A32B1EB8}.AppStore|iPhone.Build.0 = Release|Any CPU
		{63AAB5D7-233B-4FDC-AA58-A3A0A32B1EB8}.AppStore|iPhone.Deploy.0 = Release|Any CPU
		{63AAB5D7-233B-4FDC-AA58-A3A0A32B1EB8}.AppStore|iPhoneSimulator.ActiveCfg = Release|Any CPU
		{63AAB5D7-233B-4FDC-AA58-A3A0A32B1EB8}.AppStore|iPhoneSimulator.Build.0 = Release|Any CPU
		{63AAB5D7-233B-4FDC-AA58-A3A0A32B1EB8}.AppStore|iPhoneSimulator.Deploy.0 = Release|Any CPU
		{63AAB5D7-233B-4FDC-AA58-A3A0A32B1EB8}.Debug|Any CPU.ActiveCfg = Debug|Any CPU
		{63AAB5D7-233B-4FDC-AA58-A3A0A32B1EB8}.Debug|Any CPU.Build.0 = Debug|Any CPU
		{63AAB5D7-233B-4FDC-AA58-A3A0A32B1EB8}.Debug|Any CPU.Deploy.0 = Debug|Any CPU
		{63AAB5D7-233B-4FDC-AA58-A3A0A32B1EB8}.Debug|iPhone.ActiveCfg = Debug|Any CPU
		{63AAB5D7-233B-4FDC-AA58-A3A0A32B1EB8}.Debug|iPhone.Build.0 = Debug|Any CPU
		{63AAB5D7-233B-4FDC-AA58-A3A0A32B1EB8}.Debug|iPhone.Deploy.0 = Debug|Any CPU
		{63AAB5D7-233B-4FDC-AA58-A3A0A32B1EB8}.Debug|iPhoneSimulator.ActiveCfg = Debug|Any CPU
		{63AAB5D7-233B-4FDC-AA58-A3A0A32B1EB8}.Debug|iPhoneSimulator.Build.0 = Debug|Any CPU
		{63AAB5D7-233B-4FDC-AA58-A3A0A32B1EB8}.Debug|iPhoneSimulator.Deploy.0 = Debug|Any CPU
		{63AAB5D7-233B-4FDC-AA58-A3A0A32B1EB8}.Release|Any CPU.ActiveCfg = Release|Any CPU
		{63AAB5D7-233B-4FDC-AA58-A3A0A32B1EB8}.Release|Any CPU.Build.0 = Release|Any CPU
		{63AAB5D7-233B-4FDC-AA58-A3A0A32B1EB8}.Release|Any CPU.Deploy.0 = Release|Any CPU
		{63AAB5D7-233B-4FDC-AA58-A3A0A32B1EB8}.Release|iPhone.ActiveCfg = Release|Any CPU
		{63AAB5D7-233B-4FDC-AA58-A3A0A32B1EB8}.Release|iPhone.Build.0 = Release|Any CPU
		{63AAB5D7-233B-4FDC-AA58-A3A0A32B1EB8}.Release|iPhone.Deploy.0 = Release|Any CPU
		{63AAB5D7-233B-4FDC-AA58-A3A0A32B1EB8}.Release|iPhoneSimulator.ActiveCfg = Release|Any CPU
		{63AAB5D7-233B-4FDC-AA58-A3A0A32B1EB8}.Release|iPhoneSimulator.Build.0 = Release|Any CPU
		{63AAB5D7-233B-4FDC-AA58-A3A0A32B1EB8}.Release|iPhoneSimulator.Deploy.0 = Release|Any CPU
		{21F7A487-C754-41C0-9FD2-A809548342A0}.Ad-Hoc|Any CPU.ActiveCfg = Ad-Hoc|iPhone
		{21F7A487-C754-41C0-9FD2-A809548342A0}.Ad-Hoc|iPhone.ActiveCfg = Ad-Hoc|iPhone
		{21F7A487-C754-41C0-9FD2-A809548342A0}.Ad-Hoc|iPhone.Build.0 = Ad-Hoc|iPhone
		{21F7A487-C754-41C0-9FD2-A809548342A0}.Ad-Hoc|iPhoneSimulator.ActiveCfg = Ad-Hoc|iPhoneSimulator
		{21F7A487-C754-41C0-9FD2-A809548342A0}.Ad-Hoc|iPhoneSimulator.Build.0 = Ad-Hoc|iPhoneSimulator
		{21F7A487-C754-41C0-9FD2-A809548342A0}.AppStore|Any CPU.ActiveCfg = AppStore|iPhone
		{21F7A487-C754-41C0-9FD2-A809548342A0}.AppStore|iPhone.ActiveCfg = AppStore|iPhone
		{21F7A487-C754-41C0-9FD2-A809548342A0}.AppStore|iPhone.Build.0 = AppStore|iPhone
		{21F7A487-C754-41C0-9FD2-A809548342A0}.AppStore|iPhoneSimulator.ActiveCfg = AppStore|iPhoneSimulator
		{21F7A487-C754-41C0-9FD2-A809548342A0}.AppStore|iPhoneSimulator.Build.0 = AppStore|iPhoneSimulator
		{21F7A487-C754-41C0-9FD2-A809548342A0}.Debug|Any CPU.ActiveCfg = Debug|iPhone
		{21F7A487-C754-41C0-9FD2-A809548342A0}.Debug|iPhone.ActiveCfg = Debug|iPhone
		{21F7A487-C754-41C0-9FD2-A809548342A0}.Debug|iPhone.Build.0 = Debug|iPhone
		{21F7A487-C754-41C0-9FD2-A809548342A0}.Debug|iPhoneSimulator.ActiveCfg = Debug|iPhoneSimulator
		{21F7A487-C754-41C0-9FD2-A809548342A0}.Debug|iPhoneSimulator.Build.0 = Debug|iPhoneSimulator
		{21F7A487-C754-41C0-9FD2-A809548342A0}.Release|Any CPU.ActiveCfg = Release|iPhone
		{21F7A487-C754-41C0-9FD2-A809548342A0}.Release|iPhone.ActiveCfg = Release|iPhone
		{21F7A487-C754-41C0-9FD2-A809548342A0}.Release|iPhone.Build.0 = Release|iPhone
		{21F7A487-C754-41C0-9FD2-A809548342A0}.Release|iPhoneSimulator.ActiveCfg = Release|iPhoneSimulator
		{21F7A487-C754-41C0-9FD2-A809548342A0}.Release|iPhoneSimulator.Build.0 = Release|iPhoneSimulator
		{6478CAF0-826F-4C2F-A7E6-83AD7C5457BB}.Ad-Hoc|Any CPU.ActiveCfg = Debug|Any CPU
		{6478CAF0-826F-4C2F-A7E6-83AD7C5457BB}.Ad-Hoc|Any CPU.Build.0 = Debug|Any CPU
		{6478CAF0-826F-4C2F-A7E6-83AD7C5457BB}.Ad-Hoc|iPhone.ActiveCfg = Debug|Any CPU
		{6478CAF0-826F-4C2F-A7E6-83AD7C5457BB}.Ad-Hoc|iPhone.Build.0 = Debug|Any CPU
		{6478CAF0-826F-4C2F-A7E6-83AD7C5457BB}.Ad-Hoc|iPhoneSimulator.ActiveCfg = Debug|Any CPU
		{6478CAF0-826F-4C2F-A7E6-83AD7C5457BB}.Ad-Hoc|iPhoneSimulator.Build.0 = Debug|Any CPU
		{6478CAF0-826F-4C2F-A7E6-83AD7C5457BB}.AppStore|Any CPU.ActiveCfg = Debug|Any CPU
		{6478CAF0-826F-4C2F-A7E6-83AD7C5457BB}.AppStore|Any CPU.Build.0 = Debug|Any CPU
		{6478CAF0-826F-4C2F-A7E6-83AD7C5457BB}.AppStore|iPhone.ActiveCfg = Debug|Any CPU
		{6478CAF0-826F-4C2F-A7E6-83AD7C5457BB}.AppStore|iPhone.Build.0 = Debug|Any CPU
		{6478CAF0-826F-4C2F-A7E6-83AD7C5457BB}.AppStore|iPhoneSimulator.ActiveCfg = Debug|Any CPU
		{6478CAF0-826F-4C2F-A7E6-83AD7C5457BB}.AppStore|iPhoneSimulator.Build.0 = Debug|Any CPU
		{6478CAF0-826F-4C2F-A7E6-83AD7C5457BB}.Debug|Any CPU.ActiveCfg = Debug|Any CPU
		{6478CAF0-826F-4C2F-A7E6-83AD7C5457BB}.Debug|Any CPU.Build.0 = Debug|Any CPU
		{6478CAF0-826F-4C2F-A7E6-83AD7C5457BB}.Debug|iPhone.ActiveCfg = Debug|Any CPU
		{6478CAF0-826F-4C2F-A7E6-83AD7C5457BB}.Debug|iPhone.Build.0 = Debug|Any CPU
		{6478CAF0-826F-4C2F-A7E6-83AD7C5457BB}.Debug|iPhoneSimulator.ActiveCfg = Debug|Any CPU
		{6478CAF0-826F-4C2F-A7E6-83AD7C5457BB}.Debug|iPhoneSimulator.Build.0 = Debug|Any CPU
		{6478CAF0-826F-4C2F-A7E6-83AD7C5457BB}.Release|Any CPU.ActiveCfg = Release|Any CPU
		{6478CAF0-826F-4C2F-A7E6-83AD7C5457BB}.Release|Any CPU.Build.0 = Release|Any CPU
		{6478CAF0-826F-4C2F-A7E6-83AD7C5457BB}.Release|iPhone.ActiveCfg = Release|Any CPU
		{6478CAF0-826F-4C2F-A7E6-83AD7C5457BB}.Release|iPhone.Build.0 = Release|Any CPU
		{6478CAF0-826F-4C2F-A7E6-83AD7C5457BB}.Release|iPhoneSimulator.ActiveCfg = Release|Any CPU
		{6478CAF0-826F-4C2F-A7E6-83AD7C5457BB}.Release|iPhoneSimulator.Build.0 = Release|Any CPU
	EndGlobalSection
	GlobalSection(SolutionProperties) = preSolution
		HideSolutionNode = FALSE
	EndGlobalSection
	GlobalSection(ExtensibilityGlobals) = postSolution
		SolutionGuid = {B650DCE0-7903-4E65-B800-2180C3090D04}
	EndGlobalSection
EndGlobal
